
Microsoft Visual Studio Solution File, Format Version 12.00
# Visual Studio Version 17
VisualStudioVersion = 17.12.35209.166
MinimumVisualStudioVersion = 10.0.40219.1
Project("{FAE04EC0-301F-11D3-BF4B-00C04F79EFBC}") = "CookBook", "CookBook.csproj", "{643BA728-290D-4B3C-9813-DB3A33402B00}"
EndProject
Global
	GlobalSection(SolutionConfigurationPlatforms) = preSolution
		Debug|Any CPU = Debug|Any CPU
		Release|Any CPU = Release|Any CPU
	EndGlobalSection
	GlobalSection(ProjectConfigurationPlatforms) = postSolution
		{643BA728-290D-4B3C-9813-DB3A33402B00}.Debug|Any CPU.ActiveCfg = Debug|Any CPU
		{643BA728-290D-4B3C-9813-DB3A33402B00}.Debug|Any CPU.Build.0 = Debug|Any CPU
		{643BA728-290D-4B3C-9813-DB3A33402B00}.Release|Any CPU.ActiveCfg = Release|Any CPU
		{643BA728-290D-4B3C-9813-DB3A33402B00}.Release|Any CPU.Build.0 = Release|Any CPU
	EndGlobalSection
	GlobalSection(SolutionProperties) = preSolution
		HideSolutionNode = FALSE
	EndGlobalSection
	GlobalSection(ExtensibilityGlobals) = postSolution
		SolutionGuid = {ACD8BC34-BB5B-45BA-9016-0EACE5C6D1DA}
	EndGlobalSection
EndGlobal
